# THIS IS AN AUTOGENERATED FILE. DO NOT EDIT THIS FILE DIRECTLY.
# yarn lockfile v1


"paramiko@^0.0.1":
  "integrity" "sha512-WdAHOKMqx6cioVfFgHSvkaZOT+bV1o3G9G8ThH/leECaKBXw4oMULU8ooGv7vGltRD8ylbk+CPwGAdy6AxjMRw=="
  "resolved" "https://registry.npmjs.org/paramiko/-/paramiko-0.0.1.tgz"
  "version" "0.0.1"
